PODS:
  - AWSAuth (2.15.1):
    - AWSAuth/Core (= 2.15.1)
    - AWSAuth/FacebookSignIn (= 2.15.1)
    - AWSAuth/GoogleSignIn (= 2.15.1)
    - AWSAuth/UI (= 2.15.1)
    - AWSAuth/UserPoolsSignIn (= 2.15.1)
  - AWSAuth/Core (2.15.1):
    - AWSAuthCore (= 2.15.1)
  - AWSAuth/FacebookSignIn (2.15.1):
    - AWSFacebookSignIn (= 2.15.1)
  - AWSAuth/GoogleSignIn (2.15.1):
    - AWSGoogleSignIn (= 2.15.1)
  - AWSAuth/UI (2.15.1):
    - AWSAuthUI (= 2.15.1)
  - AWSAuth/UserPoolsSignIn (2.15.1):
    - AWSUserPoolsSignIn (= 2.15.1)
  - AWSAuthCore (2.15.1):
    - AWSCore (= 2.15.1)
  - AWSAuthUI (2.15.1):
    - AWSAuthCore (= 2.15.1)
    - AWSCore (= 2.15.1)
  - AWSCognito (2.15.1):
    - AWSCore (= 2.15.1)
  - AWSCognitoIdentityProvider (2.15.1):
    - AWSCognitoIdentityProviderASF (= 1.0.1)
    - AWSCore (= 2.15.1)
  - AWSCognitoIdentityProviderASF (1.0.1)
  - AWSCore (2.15.1)
  - AWSFacebookSignIn (2.15.1):
    - AWSAuthCore (= 2.15.1)
    - FBSDKCoreKit (= 5.8)
    - FBSDKLoginKit (= 5.8)
  - AWSGoogleSignIn (2.15.1):
    - AWSAuthCore (= 2.15.1)
  - AWSMobileClient (2.15.1):
    - AWSAuthCore (= 2.15.1)
    - AWSCognitoIdentityProvider (= 2.15.1)
  - AWSUserPoolsSignIn (2.15.1):
    - AWSAuthCore (= 2.15.1)
    - AWSCognitoIdentityProvider (= 2.15.1)
  - FBSDKCoreKit (5.8.0):
    - FBSDKCoreKit/Basics (= 5.8.0)
    - FBSDKCoreKit/Core (= 5.8.0)
  - FBSDKCoreKit/Basics (5.8.0)
  - FBSDKCoreKit/Core (5.8.0):
    - FBSDKCoreKit/Basics
  - FBSDKLoginKit (5.8.0):
    - FBSDKLoginKit/Login (= 5.8.0)
  - FBSDKLoginKit/Login (5.8.0):
    - FBSDKCoreKit (~> 5.0)
  - Flutter (1.0.0)
  - flutter_cognito_plugin (0.0.1):
    - AWSAuth (~> 2.15.1)
    - AWSAuthUI (~> 2.15.1)
    - AWSCognito (~> 2.15.1)
    - AWSMobileClient (~> 2.15.1)
    - AWSUserPoolsSignIn (~> 2.15.1)
    - Flutter
    - plugin_scaffold
  - plugin_scaffold (0.0.1):
    - Flutter

DEPENDENCIES:
  - Flutter (from `Flutter`)
  - flutter_cognito_plugin (from `.symlinks/plugins/flutter_cognito_plugin/ios`)
  - plugin_scaffold (from `.symlinks/plugins/plugin_scaffold/ios`)

SPEC REPOS:
  trunk:
    - AWSAuth
    - AWSAuthCore
    - AWSAuthUI
    - AWSCognito
    - AWSCognitoIdentityProvider
    - AWSCognitoIdentityProviderASF
    - AWSCore
    - AWSFacebookSignIn
    - AWSGoogleSignIn
    - AWSMobileClient
    - AWSUserPoolsSignIn
    - FBSDKCoreKit
    - FBSDKLoginKit

EXTERNAL SOURCES:
  Flutter:
    :path: Flutter
  flutter_cognito_plugin:
    :path: ".symlinks/plugins/flutter_cognito_plugin/ios"
  plugin_scaffold:
    :path: ".symlinks/plugins/plugin_scaffold/ios"

SPEC CHECKSUMS:
  AWSAuth: 36451ec84e0322c0e63dbec5bb04f4c42dfce025
  AWSAuthCore: d98801d505ea332fd1ec28fbaf3377e0ce02100f
  AWSAuthUI: 0a68e147d27e6afd52fdcb0764bf0d0bfb6f4ad8
  AWSCognito: 9798b956beb6fef316c2eb00c5f3fa293dcba30f
  AWSCognitoIdentityProvider: 5172f21b3530adbb1549501cd26e126bb211b85c
  AWSCognitoIdentityProviderASF: f94f1a502e72ef3d0a1de93e10bf7a79c8698118
  AWSCore: 7dec5eefb9b95739adec68dcb3dba2a6770376a6
  AWSFacebookSignIn: 141d3c5f7feb95b3a19c04fd82a17cbfe7d23901
  AWSGoogleSignIn: 42c80cca2b8939667cb32176db4750a2d9c57ba4
  AWSMobileClient: 23aa8e4a787553742861ea1e3272420a9aaf4938
  AWSUserPoolsSignIn: f46fd3994936e59ad41f6472aced90d88f17c8e4
  FBSDKCoreKit: e7dcac0aabcfb09d0166998edd95fe3b05a0ce5d
  FBSDKLoginKit: 1b0cf04df0370b37404213157b060d6666ede814
  Flutter: 0e3d915762c693b495b44d77113d4970485de6ec
  flutter_cognito_plugin: 0ecd50f193a500a63ac0f4712284b8242badb2f6
  plugin_scaffold: f83b8103defd141436d8ee29ba4a3e1b5230fea1

PODFILE CHECKSUM: aafe91acc616949ddb318b77800a7f51bffa2a4c

COCOAPODS: 1.9.3
