PODS:
  - AWSAuth (2.19.1):
    - AWSAuth/Core (= 2.19.1)
    - AWSAuth/FacebookSignIn (= 2.19.1)
    - AWSAuth/GoogleSignIn (= 2.19.1)
    - AWSAuth/UI (= 2.19.1)
    - AWSAuth/UserPoolsSignIn (= 2.19.1)
  - AWSAuth/Core (2.19.1):
    - AWSAuthCore (= 2.19.1)
  - AWSAuth/FacebookSignIn (2.19.1):
    - AWSFacebookSignIn (= 2.19.1)
  - AWSAuth/GoogleSignIn (2.19.1):
    - AWSGoogleSignIn (= 2.19.1)
  - AWSAuth/UI (2.19.1):
    - AWSAuthUI (= 2.19.1)
  - AWSAuth/UserPoolsSignIn (2.19.1):
    - AWSUserPoolsSignIn (= 2.19.1)
  - AWSAuthCore (2.19.1):
    - AWSCore (= 2.19.1)
  - AWSAuthUI (2.19.1):
    - AWSAuthCore (= 2.19.1)
    - AWSCore (= 2.19.1)
  - AWSCognito (2.19.1):
    - AWSCore (= 2.19.1)
  - AWSCognitoIdentityProvider (2.19.1):
    - AWSCognitoIdentityProviderASF (= 2.19.1)
    - AWSCore (= 2.19.1)
  - AWSCognitoIdentityProviderASF (2.19.1)
  - AWSCore (2.19.1)
  - AWSFacebookSignIn (2.19.1):
    - AWSAuthCore (= 2.19.1)
    - AWSCore (= 2.19.1)
    - FBSDKCoreKit (= 8.0)
    - FBSDKLoginKit (= 8.0)
  - AWSGoogleSignIn (2.19.1):
    - AWSAuthCore (= 2.19.1)
    - AWSCore (= 2.19.1)
  - AWSMobileClient (2.19.1):
    - AWSAuthCore (= 2.19.1)
    - AWSCognitoIdentityProvider (= 2.19.1)
    - AWSCognitoIdentityProviderASF (= 2.19.1)
    - AWSCore (= 2.19.1)
  - AWSUserPoolsSignIn (2.19.1):
    - AWSAuthCore (= 2.19.1)
    - AWSCognitoIdentityProvider (= 2.19.1)
    - AWSCore (= 2.19.1)
  - FBSDKCoreKit (8.0.0):
    - FBSDKCoreKit/Basics (= 8.0.0)
    - FBSDKCoreKit/Core (= 8.0.0)
  - FBSDKCoreKit/Basics (8.0.0)
  - FBSDKCoreKit/Core (8.0.0):
    - FBSDKCoreKit/Basics
  - FBSDKLoginKit (8.0.0):
    - FBSDKLoginKit/Login (= 8.0.0)
  - FBSDKLoginKit/Login (8.0.0):
    - FBSDKCoreKit (~> 8.0.0)
  - Flutter (1.0.0)
  - flutter_cognito_plugin (0.0.1):
    - AWSAuth (~> 2.19.1)
    - AWSAuthUI (~> 2.19.1)
    - AWSCognito (~> 2.19.1)
    - AWSMobileClient (~> 2.19.1)
    - AWSUserPoolsSignIn (~> 2.19.1)
    - Flutter
    - plugin_scaffold
  - plugin_scaffold (0.0.1):
    - Flutter

DEPENDENCIES:
  - Flutter (from `Flutter`)
  - flutter_cognito_plugin (from `.symlinks/plugins/flutter_cognito_plugin/ios`)
  - plugin_scaffold (from `.symlinks/plugins/plugin_scaffold/ios`)

SPEC REPOS:
  trunk:
    - AWSAuth
    - AWSAuthCore
    - AWSAuthUI
    - AWSCognito
    - AWSCognitoIdentityProvider
    - AWSCognitoIdentityProviderASF
    - AWSCore
    - AWSFacebookSignIn
    - AWSGoogleSignIn
    - AWSMobileClient
    - AWSUserPoolsSignIn
    - FBSDKCoreKit
    - FBSDKLoginKit

EXTERNAL SOURCES:
  Flutter:
    :path: Flutter
  flutter_cognito_plugin:
    :path: ".symlinks/plugins/flutter_cognito_plugin/ios"
  plugin_scaffold:
    :path: ".symlinks/plugins/plugin_scaffold/ios"

SPEC CHECKSUMS:
  AWSAuth: e4eafe922c06dc714177393edfb9734565173c55
  AWSAuthCore: 387c5e3482edbbb0fe754fa110a2a0203c783432
  AWSAuthUI: fd6da797f59ef205d94cad9d486296982f146414
  AWSCognito: f50de600804941d083af37a7568905f31a774727
  AWSCognitoIdentityProvider: e6932c709d3e0b234128aeb5f2052c9bf1032d8d
  AWSCognitoIdentityProviderASF: 749f58b75e69f7f0144b9d38539525562b843d34
  AWSCore: 55c154ae27efc5c98bdc30a0eeea5a35d10a2ab5
  AWSFacebookSignIn: b47186149d5d279441dc8d13144d53f2e09e3c5c
  AWSGoogleSignIn: 73d99ea646ddaa26bbc44556b7bfb07bf23bacec
  AWSMobileClient: b908cada3c35da9cfe5b4ff9947fcf70142495e7
  AWSUserPoolsSignIn: cc80a0050c9f1282812b7d3f52f240f05201739f
  FBSDKCoreKit: 9d27fe97a2fa2abe5eeefea8240e837623ab88e0
  FBSDKLoginKit: 2cbaf5405379731b22f2ebc224f7c30f62378171
  Flutter: 0e3d915762c693b495b44d77113d4970485de6ec
  flutter_cognito_plugin: b0c935f555bd2e6c631086f51b1cf8c57628bc33
  plugin_scaffold: f83b8103defd141436d8ee29ba4a3e1b5230fea1

PODFILE CHECKSUM: aafe91acc616949ddb318b77800a7f51bffa2a4c

COCOAPODS: 1.10.0
